
Microsoft Visual Studio Solution File, Format Version 10.00
# Visual Studio 2008
Project("{8BC9CEB8-8B4A-11D0-8D11-00A0C91BC942}") = "RDMinjectDLL", "RDMinjectDLL\RDMinjectDLL.vcproj", "{2FE95C66-6659-4D9D-A37E-989686F68792}"
EndProject
Project("{8BC9CEB8-8B4A-11D0-8D11-00A0C91BC942}") = "StartRDMinject", "StartRDMinject\StartRDMinject.vcproj", "{A1EF16DC-3ADB-48CC-99CA-96BAFD5900F6}"
EndProject
Project("{FAE04EC0-301F-11D3-BF4B-00C04F79EFBC}") = "RDM_msg_queue", "RDM_msg_queue\RDM_msg_queue.csproj", "{C638EF38-EE2C-4289-9348-32F600987912}"
EndProject
Project("{8BC9CEB8-8B4A-11D0-8D11-00A0C91BC942}") = "moveSIP", "moveSIP\moveSIP.vcproj", "{F24EB7B3-19D8-4287-A46A-6C0358804BAA}"
EndProject
Global
	GlobalSection(SolutionConfigurationPlatforms) = preSolution
		Debug|Any CPU = Debug|Any CPU
		Debug|Mixed Platforms = Debug|Mixed Platforms
		Debug|Windows Mobile 5.0 Pocket PC SDK (ARMV4I) = Debug|Windows Mobile 5.0 Pocket PC SDK (ARMV4I)
		Debug|Windows Mobile 6 Professional SDK (ARMV4I) = Debug|Windows Mobile 6 Professional SDK (ARMV4I)
		Debug|Windows Mobile 6.5.3 Professional DTK (ARMV4I) = Debug|Windows Mobile 6.5.3 Professional DTK (ARMV4I)
		Release|Any CPU = Release|Any CPU
		Release|Mixed Platforms = Release|Mixed Platforms
		Release|Windows Mobile 5.0 Pocket PC SDK (ARMV4I) = Release|Windows Mobile 5.0 Pocket PC SDK (ARMV4I)
		Release|Windows Mobile 6 Professional SDK (ARMV4I) = Release|Windows Mobile 6 Professional SDK (ARMV4I)
		Release|Windows Mobile 6.5.3 Professional DTK (ARMV4I) = Release|Windows Mobile 6.5.3 Professional DTK (ARMV4I)
	EndGlobalSection
	GlobalSection(ProjectConfigurationPlatforms) = postSolution
		{2FE95C66-6659-4D9D-A37E-989686F68792}.Debug|Any CPU.ActiveCfg = Debug|Windows Mobile 6 Professional SDK (ARMV4I)
		{2FE95C66-6659-4D9D-A37E-989686F68792}.Debug|Mixed Platforms.ActiveCfg = Debug|Windows Mobile 6 Professional SDK (ARMV4I)
		{2FE95C66-6659-4D9D-A37E-989686F68792}.Debug|Mixed Platforms.Build.0 = Debug|Windows Mobile 6 Professional SDK (ARMV4I)
		{2FE95C66-6659-4D9D-A37E-989686F68792}.Debug|Windows Mobile 5.0 Pocket PC SDK (ARMV4I).ActiveCfg = Debug|Windows Mobile 5.0 Pocket PC SDK (ARMV4I)
		{2FE95C66-6659-4D9D-A37E-989686F68792}.Debug|Windows Mobile 5.0 Pocket PC SDK (ARMV4I).Build.0 = Debug|Windows Mobile 5.0 Pocket PC SDK (ARMV4I)
		{2FE95C66-6659-4D9D-A37E-989686F68792}.Debug|Windows Mobile 5.0 Pocket PC SDK (ARMV4I).Deploy.0 = Debug|Windows Mobile 5.0 Pocket PC SDK (ARMV4I)
		{2FE95C66-6659-4D9D-A37E-989686F68792}.Debug|Windows Mobile 6 Professional SDK (ARMV4I).ActiveCfg = Debug|Windows Mobile 6 Professional SDK (ARMV4I)
		{2FE95C66-6659-4D9D-A37E-989686F68792}.Debug|Windows Mobile 6 Professional SDK (ARMV4I).Build.0 = Debug|Windows Mobile 6 Professional SDK (ARMV4I)
		{2FE95C66-6659-4D9D-A37E-989686F68792}.Debug|Windows Mobile 6 Professional SDK (ARMV4I).Deploy.0 = Debug|Windows Mobile 6 Professional SDK (ARMV4I)
		{2FE95C66-6659-4D9D-A37E-989686F68792}.Debug|Windows Mobile 6.5.3 Professional DTK (ARMV4I).ActiveCfg = Debug|Windows Mobile 6 Professional SDK (ARMV4I)
		{2FE95C66-6659-4D9D-A37E-989686F68792}.Release|Any CPU.ActiveCfg = Release|Windows Mobile 6 Professional SDK (ARMV4I)
		{2FE95C66-6659-4D9D-A37E-989686F68792}.Release|Mixed Platforms.ActiveCfg = Release|Windows Mobile 6 Professional SDK (ARMV4I)
		{2FE95C66-6659-4D9D-A37E-989686F68792}.Release|Mixed Platforms.Build.0 = Release|Windows Mobile 6 Professional SDK (ARMV4I)
		{2FE95C66-6659-4D9D-A37E-989686F68792}.Release|Windows Mobile 5.0 Pocket PC SDK (ARMV4I).ActiveCfg = Release|Windows Mobile 5.0 Pocket PC SDK (ARMV4I)
		{2FE95C66-6659-4D9D-A37E-989686F68792}.Release|Windows Mobile 5.0 Pocket PC SDK (ARMV4I).Build.0 = Release|Windows Mobile 5.0 Pocket PC SDK (ARMV4I)
		{2FE95C66-6659-4D9D-A37E-989686F68792}.Release|Windows Mobile 5.0 Pocket PC SDK (ARMV4I).Deploy.0 = Release|Windows Mobile 5.0 Pocket PC SDK (ARMV4I)
		{2FE95C66-6659-4D9D-A37E-989686F68792}.Release|Windows Mobile 6 Professional SDK (ARMV4I).ActiveCfg = Release|Windows Mobile 6 Professional SDK (ARMV4I)
		{2FE95C66-6659-4D9D-A37E-989686F68792}.Release|Windows Mobile 6 Professional SDK (ARMV4I).Build.0 = Release|Windows Mobile 6 Professional SDK (ARMV4I)
		{2FE95C66-6659-4D9D-A37E-989686F68792}.Release|Windows Mobile 6 Professional SDK (ARMV4I).Deploy.0 = Release|Windows Mobile 6 Professional SDK (ARMV4I)
		{2FE95C66-6659-4D9D-A37E-989686F68792}.Release|Windows Mobile 6.5.3 Professional DTK (ARMV4I).ActiveCfg = Release|Windows Mobile 6 Professional SDK (ARMV4I)
		{A1EF16DC-3ADB-48CC-99CA-96BAFD5900F6}.Debug|Any CPU.ActiveCfg = Debug|Windows Mobile 6 Professional SDK (ARMV4I)
		{A1EF16DC-3ADB-48CC-99CA-96BAFD5900F6}.Debug|Mixed Platforms.ActiveCfg = Debug|Windows Mobile 6 Professional SDK (ARMV4I)
		{A1EF16DC-3ADB-48CC-99CA-96BAFD5900F6}.Debug|Windows Mobile 5.0 Pocket PC SDK (ARMV4I).ActiveCfg = Debug|Windows Mobile 6 Professional SDK (ARMV4I)
		{A1EF16DC-3ADB-48CC-99CA-96BAFD5900F6}.Debug|Windows Mobile 6 Professional SDK (ARMV4I).ActiveCfg = Debug|Windows Mobile 6 Professional SDK (ARMV4I)
		{A1EF16DC-3ADB-48CC-99CA-96BAFD5900F6}.Debug|Windows Mobile 6 Professional SDK (ARMV4I).Build.0 = Debug|Windows Mobile 6 Professional SDK (ARMV4I)
		{A1EF16DC-3ADB-48CC-99CA-96BAFD5900F6}.Debug|Windows Mobile 6 Professional SDK (ARMV4I).Deploy.0 = Debug|Windows Mobile 6 Professional SDK (ARMV4I)
		{A1EF16DC-3ADB-48CC-99CA-96BAFD5900F6}.Debug|Windows Mobile 6.5.3 Professional DTK (ARMV4I).ActiveCfg = Debug|Windows Mobile 6 Professional SDK (ARMV4I)
		{A1EF16DC-3ADB-48CC-99CA-96BAFD5900F6}.Release|Any CPU.ActiveCfg = Release|Windows Mobile 6 Professional SDK (ARMV4I)
		{A1EF16DC-3ADB-48CC-99CA-96BAFD5900F6}.Release|Mixed Platforms.ActiveCfg = Release|Windows Mobile 6 Professional SDK (ARMV4I)
		{A1EF16DC-3ADB-48CC-99CA-96BAFD5900F6}.Release|Windows Mobile 5.0 Pocket PC SDK (ARMV4I).ActiveCfg = Release|Windows Mobile 6 Professional SDK (ARMV4I)
		{A1EF16DC-3ADB-48CC-99CA-96BAFD5900F6}.Release|Windows Mobile 6 Professional SDK (ARMV4I).ActiveCfg = Release|Windows Mobile 6 Professional SDK (ARMV4I)
		{A1EF16DC-3ADB-48CC-99CA-96BAFD5900F6}.Release|Windows Mobile 6 Professional SDK (ARMV4I).Build.0 = Release|Windows Mobile 6 Professional SDK (ARMV4I)
		{A1EF16DC-3ADB-48CC-99CA-96BAFD5900F6}.Release|Windows Mobile 6 Professional SDK (ARMV4I).Deploy.0 = Release|Windows Mobile 6 Professional SDK (ARMV4I)
		{A1EF16DC-3ADB-48CC-99CA-96BAFD5900F6}.Release|Windows Mobile 6.5.3 Professional DTK (ARMV4I).ActiveCfg = Release|Windows Mobile 6 Professional SDK (ARMV4I)
		{C638EF38-EE2C-4289-9348-32F600987912}.Debug|Any CPU.ActiveCfg = Debug|Any CPU
		{C638EF38-EE2C-4289-9348-32F600987912}.Debug|Any CPU.Build.0 = Debug|Any CPU
		{C638EF38-EE2C-4289-9348-32F600987912}.Debug|Any CPU.Deploy.0 = Debug|Any CPU
		{C638EF38-EE2C-4289-9348-32F600987912}.Debug|Mixed Platforms.ActiveCfg = Debug|Any CPU
		{C638EF38-EE2C-4289-9348-32F600987912}.Debug|Windows Mobile 5.0 Pocket PC SDK (ARMV4I).ActiveCfg = Debug|Any CPU
		{C638EF38-EE2C-4289-9348-32F600987912}.Debug|Windows Mobile 6 Professional SDK (ARMV4I).ActiveCfg = Debug|Any CPU
		{C638EF38-EE2C-4289-9348-32F600987912}.Debug|Windows Mobile 6.5.3 Professional DTK (ARMV4I).ActiveCfg = Debug|Any CPU
		{C638EF38-EE2C-4289-9348-32F600987912}.Release|Any CPU.ActiveCfg = Release|Any CPU
		{C638EF38-EE2C-4289-9348-32F600987912}.Release|Any CPU.Build.0 = Release|Any CPU
		{C638EF38-EE2C-4289-9348-32F600987912}.Release|Any CPU.Deploy.0 = Release|Any CPU
		{C638EF38-EE2C-4289-9348-32F600987912}.Release|Mixed Platforms.ActiveCfg = Release|Any CPU
		{C638EF38-EE2C-4289-9348-32F600987912}.Release|Windows Mobile 5.0 Pocket PC SDK (ARMV4I).ActiveCfg = Release|Any CPU
		{C638EF38-EE2C-4289-9348-32F600987912}.Release|Windows Mobile 6 Professional SDK (ARMV4I).ActiveCfg = Release|Any CPU
		{C638EF38-EE2C-4289-9348-32F600987912}.Release|Windows Mobile 6.5.3 Professional DTK (ARMV4I).ActiveCfg = Release|Any CPU
		{F24EB7B3-19D8-4287-A46A-6C0358804BAA}.Debug|Any CPU.ActiveCfg = Debug|Windows Mobile 6.5.3 Professional DTK (ARMV4I)
		{F24EB7B3-19D8-4287-A46A-6C0358804BAA}.Debug|Mixed Platforms.ActiveCfg = Debug|Windows Mobile 6.5.3 Professional DTK (ARMV4I)
		{F24EB7B3-19D8-4287-A46A-6C0358804BAA}.Debug|Windows Mobile 5.0 Pocket PC SDK (ARMV4I).ActiveCfg = Debug|Windows Mobile 6.5.3 Professional DTK (ARMV4I)
		{F24EB7B3-19D8-4287-A46A-6C0358804BAA}.Debug|Windows Mobile 6 Professional SDK (ARMV4I).ActiveCfg = Debug|Windows Mobile 6.5.3 Professional DTK (ARMV4I)
		{F24EB7B3-19D8-4287-A46A-6C0358804BAA}.Debug|Windows Mobile 6.5.3 Professional DTK (ARMV4I).ActiveCfg = Debug|Windows Mobile 6.5.3 Professional DTK (ARMV4I)
		{F24EB7B3-19D8-4287-A46A-6C0358804BAA}.Debug|Windows Mobile 6.5.3 Professional DTK (ARMV4I).Build.0 = Debug|Windows Mobile 6.5.3 Professional DTK (ARMV4I)
		{F24EB7B3-19D8-4287-A46A-6C0358804BAA}.Debug|Windows Mobile 6.5.3 Professional DTK (ARMV4I).Deploy.0 = Debug|Windows Mobile 6.5.3 Professional DTK (ARMV4I)
		{F24EB7B3-19D8-4287-A46A-6C0358804BAA}.Release|Any CPU.ActiveCfg = Release|Windows Mobile 6.5.3 Professional DTK (ARMV4I)
		{F24EB7B3-19D8-4287-A46A-6C0358804BAA}.Release|Mixed Platforms.ActiveCfg = Release|Windows Mobile 6.5.3 Professional DTK (ARMV4I)
		{F24EB7B3-19D8-4287-A46A-6C0358804BAA}.Release|Windows Mobile 5.0 Pocket PC SDK (ARMV4I).ActiveCfg = Release|Windows Mobile 6.5.3 Professional DTK (ARMV4I)
		{F24EB7B3-19D8-4287-A46A-6C0358804BAA}.Release|Windows Mobile 6 Professional SDK (ARMV4I).ActiveCfg = Release|Windows Mobile 6.5.3 Professional DTK (ARMV4I)
		{F24EB7B3-19D8-4287-A46A-6C0358804BAA}.Release|Windows Mobile 6.5.3 Professional DTK (ARMV4I).ActiveCfg = Release|Windows Mobile 6.5.3 Professional DTK (ARMV4I)
		{F24EB7B3-19D8-4287-A46A-6C0358804BAA}.Release|Windows Mobile 6.5.3 Professional DTK (ARMV4I).Build.0 = Release|Windows Mobile 6.5.3 Professional DTK (ARMV4I)
		{F24EB7B3-19D8-4287-A46A-6C0358804BAA}.Release|Windows Mobile 6.5.3 Professional DTK (ARMV4I).Deploy.0 = Release|Windows Mobile 6.5.3 Professional DTK (ARMV4I)
	EndGlobalSection
	GlobalSection(SolutionProperties) = preSolution
		HideSolutionNode = FALSE
	EndGlobalSection
EndGlobal
